{
  "name": "lib2",
  "version": "0.0.1",
  "lockfileVersion": 1,
  "requires": true,
  "dependencies": {
    "satellite-droparea": {
      "version": "2.0.7",
      "resolved": "https://registry.npmjs.org/satellite-droparea/-/satellite-droparea-2.0.7.tgz",
      "integrity": "sha512-A+1l6qO6bN72Rno8I+CrsjKBkVpSVVS7GbAY8i7eueLnXgQa9d6GkMZQpS+z4coFvHeYXA1hWm/C5FSg6kR6AQ=="
    }
  }
}
